
Microsoft Visual Studio Solution File, Format Version 12.00
# Visual Studio Version 17
VisualStudioVersion = 17.11.35219.272
MinimumVisualStudioVersion = 10.0.40219.1
Project("{9A19103F-16F7-4668-BE54-9A1E7A4F7556}") = "Direction_Library", "Direction_Libray\Direction_Library.csproj", "{C9B27DA1-8BB5-4FAC-8A09-AC7E4678B730}"
EndProject
Project("{9A19103F-16F7-4668-BE54-9A1E7A4F7556}") = "Direction_Library.Tests", "Direction_Library.Tests\Direction_Library.Tests.csproj", "{BB577FE0-B4A5-4537-9BC6-2D73A59CDD2C}"
EndProject
Global
	GlobalSection(SolutionConfigurationPlatforms) = preSolution
		Debug|Any CPU = Debug|Any CPU
		Release|Any CPU = Release|Any CPU
	EndGlobalSection
	GlobalSection(ProjectConfigurationPlatforms) = postSolution
		{C9B27DA1-8BB5-4FAC-8A09-AC7E4678B730}.Debug|Any CPU.ActiveCfg = Debug|Any CPU
		{C9B27DA1-8BB5-4FAC-8A09-AC7E4678B730}.Debug|Any CPU.Build.0 = Debug|Any CPU
		{C9B27DA1-8BB5-4FAC-8A09-AC7E4678B730}.Release|Any CPU.ActiveCfg = Release|Any CPU
		{C9B27DA1-8BB5-4FAC-8A09-AC7E4678B730}.Release|Any CPU.Build.0 = Release|Any CPU
		{BB577FE0-B4A5-4537-9BC6-2D73A59CDD2C}.Debug|Any CPU.ActiveCfg = Debug|Any CPU
		{BB577FE0-B4A5-4537-9BC6-2D73A59CDD2C}.Debug|Any CPU.Build.0 = Debug|Any CPU
		{BB577FE0-B4A5-4537-9BC6-2D73A59CDD2C}.Release|Any CPU.ActiveCfg = Release|Any CPU
		{BB577FE0-B4A5-4537-9BC6-2D73A59CDD2C}.Release|Any CPU.Build.0 = Release|Any CPU
	EndGlobalSection
	GlobalSection(SolutionProperties) = preSolution
		HideSolutionNode = FALSE
	EndGlobalSection
	GlobalSection(ExtensibilityGlobals) = postSolution
		SolutionGuid = {BA372A40-027E-4A31-82F0-12757F431511}
	EndGlobalSection
EndGlobal
